
Microsoft Visual Studio Solution File, Format Version 12.00
# Visual Studio Version 18
VisualStudioVersion = 18.0.11111.16
MinimumVisualStudioVersion = 10.0.40219.1
Project("{FAE04EC0-301F-11D3-BF4B-00C04F79EFBC}") = "LCSC.Core", "LCSC.Common\LCSC.Core.csproj", "{6B45CC90-AB85-494A-93B8-5FD575B63A19}"
EndProject
Project("{FAE04EC0-301F-11D3-BF4B-00C04F79EFBC}") = "LCSC.Http", "LCSC.Http\LCSC.Http.csproj", "{F3F92CEC-2A84-4FBE-BBA2-CBC5F1BE0F34}"
EndProject
Project("{FAE04EC0-301F-11D3-BF4B-00C04F79EFBC}") = "LCSC.Models", "LCSC.Models\LCSC.Models.csproj", "{A1E9FCFD-7470-49E2-8AF0-1FD10E68E5CF}"
EndProject
Project("{FAE04EC0-301F-11D3-BF4B-00C04F79EFBC}") = "LCSC.Discord", "LCSC.Bot\LCSC.Discord.csproj", "{18043CD1-E28C-4FFE-998D-8B08F7542521}"
EndProject
Project("{FAE04EC0-301F-11D3-BF4B-00C04F79EFBC}") = "LCSC.App", "LCSC.App\LCSC.App.csproj", "{8210A1B9-6962-49C9-AAFC-27FF1DF96375}"
EndProject
Project("{2150E333-8FDC-42A3-9474-1A3956D46DE8}") = ".github-workflows", ".github-workflows", "{32E88307-DB63-4E64-80E1-0C018D5938F2}"
	ProjectSection(SolutionItems) = preProject
		.github\workflows\build.yml = .github\workflows\build.yml
		.github\workflows\bundle.yml = .github\workflows\bundle.yml
		.github\workflows\BuildAndDeployStart.yml = .github\workflows\BuildAndDeployStart.yml
		.github\workflows\gittag.yml = .github\workflows\gittag.yml
		.github\workflows\store-upload.yml = .github\workflows\store-upload.yml
	EndProjectSection
EndProject
Project("{2150E333-8FDC-42A3-9474-1A3956D46DE8}") = "submodules", "submodules", "{9D213082-539B-46E3-B6C0-6E3D8D8010A4}"
EndProject
Project("{FAE04EC0-301F-11D3-BF4B-00C04F79EFBC}") = "LCTWorks.Common", "submodules\LCTWorks.Common\LCTWorks.Common\LCTWorks.Common.csproj", "{D3DA2D40-5750-476A-10A5-A4E22F367535}"
EndProject
Project("{FAE04EC0-301F-11D3-BF4B-00C04F79EFBC}") = "LCTWorks.Services", "submodules\LCTWorks.Common\LCTWorks.Services\LCTWorks.Services.csproj", "{80BA9F6B-A852-8AA4-4B32-41C5E6C3CDAC}"
EndProject
Project("{FAE04EC0-301F-11D3-BF4B-00C04F79EFBC}") = "LCTWorks.WinUI", "submodules\LCTWorks.Common\LCTWorks.WinUI\LCTWorks.WinUI.csproj", "{AF9BE9D7-9F3F-4F1D-9C30-0A70BB2AD4AF}"
EndProject
Global
	GlobalSection(SolutionConfigurationPlatforms) = preSolution
		Debug|Any CPU = Debug|Any CPU
		Debug|ARM64 = Debug|ARM64
		Debug|x64 = Debug|x64
		Debug|x86 = Debug|x86
		Release|Any CPU = Release|Any CPU
		Release|ARM64 = Release|ARM64
		Release|x64 = Release|x64
		Release|x86 = Release|x86
	EndGlobalSection
	GlobalSection(ProjectConfigurationPlatforms) = postSolution
		{6B45CC90-AB85-494A-93B8-5FD575B63A19}.Debug|Any CPU.ActiveCfg = Debug|Any CPU
		{6B45CC90-AB85-494A-93B8-5FD575B63A19}.Debug|Any CPU.Build.0 = Debug|Any CPU
		{6B45CC90-AB85-494A-93B8-5FD575B63A19}.Debug|ARM64.ActiveCfg = Debug|Any CPU
		{6B45CC90-AB85-494A-93B8-5FD575B63A19}.Debug|ARM64.Build.0 = Debug|Any CPU
		{6B45CC90-AB85-494A-93B8-5FD575B63A19}.Debug|x64.ActiveCfg = Debug|Any CPU
		{6B45CC90-AB85-494A-93B8-5FD575B63A19}.Debug|x64.Build.0 = Debug|Any CPU
		{6B45CC90-AB85-494A-93B8-5FD575B63A19}.Debug|x86.ActiveCfg = Debug|Any CPU
		{6B45CC90-AB85-494A-93B8-5FD575B63A19}.Debug|x86.Build.0 = Debug|Any CPU
		{6B45CC90-AB85-494A-93B8-5FD575B63A19}.Release|Any CPU.ActiveCfg = Release|Any CPU
		{6B45CC90-AB85-494A-93B8-5FD575B63A19}.Release|Any CPU.Build.0 = Release|Any CPU
		{6B45CC90-AB85-494A-93B8-5FD575B63A19}.Release|ARM64.ActiveCfg = Release|Any CPU
		{6B45CC90-AB85-494A-93B8-5FD575B63A19}.Release|ARM64.Build.0 = Release|Any CPU
		{6B45CC90-AB85-494A-93B8-5FD575B63A19}.Release|x64.ActiveCfg = Release|Any CPU
		{6B45CC90-AB85-494A-93B8-5FD575B63A19}.Release|x64.Build.0 = Release|Any CPU
		{6B45CC90-AB85-494A-93B8-5FD575B63A19}.Release|x86.ActiveCfg = Release|Any CPU
		{6B45CC90-AB85-494A-93B8-5FD575B63A19}.Release|x86.Build.0 = Release|Any CPU
		{F3F92CEC-2A84-4FBE-BBA2-CBC5F1BE0F34}.Debug|Any CPU.ActiveCfg = Debug|Any CPU
		{F3F92CEC-2A84-4FBE-BBA2-CBC5F1BE0F34}.Debug|Any CPU.Build.0 = Debug|Any CPU
		{F3F92CEC-2A84-4FBE-BBA2-CBC5F1BE0F34}.Debug|ARM64.ActiveCfg = Debug|Any CPU
		{F3F92CEC-2A84-4FBE-BBA2-CBC5F1BE0F34}.Debug|ARM64.Build.0 = Debug|Any CPU
		{F3F92CEC-2A84-4FBE-BBA2-CBC5F1BE0F34}.Debug|x64.ActiveCfg = Debug|Any CPU
		{F3F92CEC-2A84-4FBE-BBA2-CBC5F1BE0F34}.Debug|x64.Build.0 = Debug|Any CPU
		{F3F92CEC-2A84-4FBE-BBA2-CBC5F1BE0F34}.Debug|x86.ActiveCfg = Debug|Any CPU
		{F3F92CEC-2A84-4FBE-BBA2-CBC5F1BE0F34}.Debug|x86.Build.0 = Debug|Any CPU
		{F3F92CEC-2A84-4FBE-BBA2-CBC5F1BE0F34}.Release|Any CPU.ActiveCfg = Release|Any CPU
		{F3F92CEC-2A84-4FBE-BBA2-CBC5F1BE0F34}.Release|Any CPU.Build.0 = Release|Any CPU
		{F3F92CEC-2A84-4FBE-BBA2-CBC5F1BE0F34}.Release|ARM64.ActiveCfg = Release|Any CPU
		{F3F92CEC-2A84-4FBE-BBA2-CBC5F1BE0F34}.Release|ARM64.Build.0 = Release|Any CPU
		{F3F92CEC-2A84-4FBE-BBA2-CBC5F1BE0F34}.Release|x64.ActiveCfg = Release|Any CPU
		{F3F92CEC-2A84-4FBE-BBA2-CBC5F1BE0F34}.Release|x64.Build.0 = Release|Any CPU
		{F3F92CEC-2A84-4FBE-BBA2-CBC5F1BE0F34}.Release|x86.ActiveCfg = Release|Any CPU
		{F3F92CEC-2A84-4FBE-BBA2-CBC5F1BE0F34}.Release|x86.Build.0 = Release|Any CPU
		{A1E9FCFD-7470-49E2-8AF0-1FD10E68E5CF}.Debug|Any CPU.ActiveCfg = Debug|Any CPU
		{A1E9FCFD-7470-49E2-8AF0-1FD10E68E5CF}.Debug|Any CPU.Build.0 = Debug|Any CPU
		{A1E9FCFD-7470-49E2-8AF0-1FD10E68E5CF}.Debug|ARM64.ActiveCfg = Debug|Any CPU
		{A1E9FCFD-7470-49E2-8AF0-1FD10E68E5CF}.Debug|ARM64.Build.0 = Debug|Any CPU
		{A1E9FCFD-7470-49E2-8AF0-1FD10E68E5CF}.Debug|x64.ActiveCfg = Debug|Any CPU
		{A1E9FCFD-7470-49E2-8AF0-1FD10E68E5CF}.Debug|x64.Build.0 = Debug|Any CPU
		{A1E9FCFD-7470-49E2-8AF0-1FD10E68E5CF}.Debug|x86.ActiveCfg = Debug|Any CPU
		{A1E9FCFD-7470-49E2-8AF0-1FD10E68E5CF}.Debug|x86.Build.0 = Debug|Any CPU
		{A1E9FCFD-7470-49E2-8AF0-1FD10E68E5CF}.Release|Any CPU.ActiveCfg = Release|Any CPU
		{A1E9FCFD-7470-49E2-8AF0-1FD10E68E5CF}.Release|Any CPU.Build.0 = Release|Any CPU
		{A1E9FCFD-7470-49E2-8AF0-1FD10E68E5CF}.Release|ARM64.ActiveCfg = Release|Any CPU
		{A1E9FCFD-7470-49E2-8AF0-1FD10E68E5CF}.Release|ARM64.Build.0 = Release|Any CPU
		{A1E9FCFD-7470-49E2-8AF0-1FD10E68E5CF}.Release|x64.ActiveCfg = Release|Any CPU
		{A1E9FCFD-7470-49E2-8AF0-1FD10E68E5CF}.Release|x64.Build.0 = Release|Any CPU
		{A1E9FCFD-7470-49E2-8AF0-1FD10E68E5CF}.Release|x86.ActiveCfg = Release|Any CPU
		{A1E9FCFD-7470-49E2-8AF0-1FD10E68E5CF}.Release|x86.Build.0 = Release|Any CPU
		{18043CD1-E28C-4FFE-998D-8B08F7542521}.Debug|Any CPU.ActiveCfg = Debug|Any CPU
		{18043CD1-E28C-4FFE-998D-8B08F7542521}.Debug|Any CPU.Build.0 = Debug|Any CPU
		{18043CD1-E28C-4FFE-998D-8B08F7542521}.Debug|ARM64.ActiveCfg = Debug|Any CPU
		{18043CD1-E28C-4FFE-998D-8B08F7542521}.Debug|ARM64.Build.0 = Debug|Any CPU
		{18043CD1-E28C-4FFE-998D-8B08F7542521}.Debug|x64.ActiveCfg = Debug|Any CPU
		{18043CD1-E28C-4FFE-998D-8B08F7542521}.Debug|x64.Build.0 = Debug|Any CPU
		{18043CD1-E28C-4FFE-998D-8B08F7542521}.Debug|x86.ActiveCfg = Debug|Any CPU
		{18043CD1-E28C-4FFE-998D-8B08F7542521}.Debug|x86.Build.0 = Debug|Any CPU
		{18043CD1-E28C-4FFE-998D-8B08F7542521}.Release|Any CPU.ActiveCfg = Release|Any CPU
		{18043CD1-E28C-4FFE-998D-8B08F7542521}.Release|Any CPU.Build.0 = Release|Any CPU
		{18043CD1-E28C-4FFE-998D-8B08F7542521}.Release|ARM64.ActiveCfg = Release|Any CPU
		{18043CD1-E28C-4FFE-998D-8B08F7542521}.Release|ARM64.Build.0 = Release|Any CPU
		{18043CD1-E28C-4FFE-998D-8B08F7542521}.Release|x64.ActiveCfg = Release|Any CPU
		{18043CD1-E28C-4FFE-998D-8B08F7542521}.Release|x64.Build.0 = Release|Any CPU
		{18043CD1-E28C-4FFE-998D-8B08F7542521}.Release|x86.ActiveCfg = Release|Any CPU
		{18043CD1-E28C-4FFE-998D-8B08F7542521}.Release|x86.Build.0 = Release|Any CPU
		{8210A1B9-6962-49C9-AAFC-27FF1DF96375}.Debug|Any CPU.ActiveCfg = Debug|x64
		{8210A1B9-6962-49C9-AAFC-27FF1DF96375}.Debug|Any CPU.Build.0 = Debug|x64
		{8210A1B9-6962-49C9-AAFC-27FF1DF96375}.Debug|Any CPU.Deploy.0 = Debug|x64
		{8210A1B9-6962-49C9-AAFC-27FF1DF96375}.Debug|ARM64.ActiveCfg = Debug|ARM64
		{8210A1B9-6962-49C9-AAFC-27FF1DF96375}.Debug|ARM64.Build.0 = Debug|ARM64
		{8210A1B9-6962-49C9-AAFC-27FF1DF96375}.Debug|ARM64.Deploy.0 = Debug|ARM64
		{8210A1B9-6962-49C9-AAFC-27FF1DF96375}.Debug|x64.ActiveCfg = Debug|x64
		{8210A1B9-6962-49C9-AAFC-27FF1DF96375}.Debug|x64.Build.0 = Debug|x64
		{8210A1B9-6962-49C9-AAFC-27FF1DF96375}.Debug|x64.Deploy.0 = Debug|x64
		{8210A1B9-6962-49C9-AAFC-27FF1DF96375}.Debug|x86.ActiveCfg = Debug|x86
		{8210A1B9-6962-49C9-AAFC-27FF1DF96375}.Debug|x86.Build.0 = Debug|x86
		{8210A1B9-6962-49C9-AAFC-27FF1DF96375}.Debug|x86.Deploy.0 = Debug|x86
		{8210A1B9-6962-49C9-AAFC-27FF1DF96375}.Release|Any CPU.ActiveCfg = Release|x64
		{8210A1B9-6962-49C9-AAFC-27FF1DF96375}.Release|Any CPU.Build.0 = Release|x64
		{8210A1B9-6962-49C9-AAFC-27FF1DF96375}.Release|Any CPU.Deploy.0 = Release|x64
		{8210A1B9-6962-49C9-AAFC-27FF1DF96375}.Release|ARM64.ActiveCfg = Release|ARM64
		{8210A1B9-6962-49C9-AAFC-27FF1DF96375}.Release|ARM64.Build.0 = Release|ARM64
		{8210A1B9-6962-49C9-AAFC-27FF1DF96375}.Release|ARM64.Deploy.0 = Release|ARM64
		{8210A1B9-6962-49C9-AAFC-27FF1DF96375}.Release|x64.ActiveCfg = Release|x64
		{8210A1B9-6962-49C9-AAFC-27FF1DF96375}.Release|x64.Build.0 = Release|x64
		{8210A1B9-6962-49C9-AAFC-27FF1DF96375}.Release|x64.Deploy.0 = Release|x64
		{8210A1B9-6962-49C9-AAFC-27FF1DF96375}.Release|x86.ActiveCfg = Release|x86
		{8210A1B9-6962-49C9-AAFC-27FF1DF96375}.Release|x86.Build.0 = Release|x86
		{8210A1B9-6962-49C9-AAFC-27FF1DF96375}.Release|x86.Deploy.0 = Release|x86
		{D3DA2D40-5750-476A-10A5-A4E22F367535}.Debug|Any CPU.ActiveCfg = Debug|Any CPU
		{D3DA2D40-5750-476A-10A5-A4E22F367535}.Debug|Any CPU.Build.0 = Debug|Any CPU
		{D3DA2D40-5750-476A-10A5-A4E22F367535}.Debug|ARM64.ActiveCfg = Debug|Any CPU
		{D3DA2D40-5750-476A-10A5-A4E22F367535}.Debug|ARM64.Build.0 = Debug|Any CPU
		{D3DA2D40-5750-476A-10A5-A4E22F367535}.Debug|x64.ActiveCfg = Debug|Any CPU
		{D3DA2D40-5750-476A-10A5-A4E22F367535}.Debug|x64.Build.0 = Debug|Any CPU
		{D3DA2D40-5750-476A-10A5-A4E22F367535}.Debug|x86.ActiveCfg = Debug|Any CPU
		{D3DA2D40-5750-476A-10A5-A4E22F367535}.Debug|x86.Build.0 = Debug|Any CPU
		{D3DA2D40-5750-476A-10A5-A4E22F367535}.Release|Any CPU.ActiveCfg = Release|Any CPU
		{D3DA2D40-5750-476A-10A5-A4E22F367535}.Release|Any CPU.Build.0 = Release|Any CPU
		{D3DA2D40-5750-476A-10A5-A4E22F367535}.Release|ARM64.ActiveCfg = Release|Any CPU
		{D3DA2D40-5750-476A-10A5-A4E22F367535}.Release|ARM64.Build.0 = Release|Any CPU
		{D3DA2D40-5750-476A-10A5-A4E22F367535}.Release|x64.ActiveCfg = Release|Any CPU
		{D3DA2D40-5750-476A-10A5-A4E22F367535}.Release|x64.Build.0 = Release|Any CPU
		{D3DA2D40-5750-476A-10A5-A4E22F367535}.Release|x86.ActiveCfg = Release|Any CPU
		{D3DA2D40-5750-476A-10A5-A4E22F367535}.Release|x86.Build.0 = Release|Any CPU
		{80BA9F6B-A852-8AA4-4B32-41C5E6C3CDAC}.Debug|Any CPU.ActiveCfg = Debug|Any CPU
		{80BA9F6B-A852-8AA4-4B32-41C5E6C3CDAC}.Debug|Any CPU.Build.0 = Debug|Any CPU
		{80BA9F6B-A852-8AA4-4B32-41C5E6C3CDAC}.Debug|ARM64.ActiveCfg = Debug|Any CPU
		{80BA9F6B-A852-8AA4-4B32-41C5E6C3CDAC}.Debug|ARM64.Build.0 = Debug|Any CPU
		{80BA9F6B-A852-8AA4-4B32-41C5E6C3CDAC}.Debug|x64.ActiveCfg = Debug|Any CPU
		{80BA9F6B-A852-8AA4-4B32-41C5E6C3CDAC}.Debug|x64.Build.0 = Debug|Any CPU
		{80BA9F6B-A852-8AA4-4B32-41C5E6C3CDAC}.Debug|x86.ActiveCfg = Debug|Any CPU
		{80BA9F6B-A852-8AA4-4B32-41C5E6C3CDAC}.Debug|x86.Build.0 = Debug|Any CPU
		{80BA9F6B-A852-8AA4-4B32-41C5E6C3CDAC}.Release|Any CPU.ActiveCfg = Release|Any CPU
		{80BA9F6B-A852-8AA4-4B32-41C5E6C3CDAC}.Release|Any CPU.Build.0 = Release|Any CPU
		{80BA9F6B-A852-8AA4-4B32-41C5E6C3CDAC}.Release|ARM64.ActiveCfg = Release|Any CPU
		{80BA9F6B-A852-8AA4-4B32-41C5E6C3CDAC}.Release|ARM64.Build.0 = Release|Any CPU
		{80BA9F6B-A852-8AA4-4B32-41C5E6C3CDAC}.Release|x64.ActiveCfg = Release|Any CPU
		{80BA9F6B-A852-8AA4-4B32-41C5E6C3CDAC}.Release|x64.Build.0 = Release|Any CPU
		{80BA9F6B-A852-8AA4-4B32-41C5E6C3CDAC}.Release|x86.ActiveCfg = Release|Any CPU
		{80BA9F6B-A852-8AA4-4B32-41C5E6C3CDAC}.Release|x86.Build.0 = Release|Any CPU
		{AF9BE9D7-9F3F-4F1D-9C30-0A70BB2AD4AF}.Debug|Any CPU.ActiveCfg = Debug|Any CPU
		{AF9BE9D7-9F3F-4F1D-9C30-0A70BB2AD4AF}.Debug|Any CPU.Build.0 = Debug|Any CPU
		{AF9BE9D7-9F3F-4F1D-9C30-0A70BB2AD4AF}.Debug|ARM64.ActiveCfg = Debug|Any CPU
		{AF9BE9D7-9F3F-4F1D-9C30-0A70BB2AD4AF}.Debug|ARM64.Build.0 = Debug|Any CPU
		{AF9BE9D7-9F3F-4F1D-9C30-0A70BB2AD4AF}.Debug|x64.ActiveCfg = Debug|Any CPU
		{AF9BE9D7-9F3F-4F1D-9C30-0A70BB2AD4AF}.Debug|x64.Build.0 = Debug|Any CPU
		{AF9BE9D7-9F3F-4F1D-9C30-0A70BB2AD4AF}.Debug|x86.ActiveCfg = Debug|Any CPU
		{AF9BE9D7-9F3F-4F1D-9C30-0A70BB2AD4AF}.Debug|x86.Build.0 = Debug|Any CPU
		{AF9BE9D7-9F3F-4F1D-9C30-0A70BB2AD4AF}.Release|Any CPU.ActiveCfg = Release|Any CPU
		{AF9BE9D7-9F3F-4F1D-9C30-0A70BB2AD4AF}.Release|Any CPU.Build.0 = Release|Any CPU
		{AF9BE9D7-9F3F-4F1D-9C30-0A70BB2AD4AF}.Release|ARM64.ActiveCfg = Release|Any CPU
		{AF9BE9D7-9F3F-4F1D-9C30-0A70BB2AD4AF}.Release|ARM64.Build.0 = Release|Any CPU
		{AF9BE9D7-9F3F-4F1D-9C30-0A70BB2AD4AF}.Release|x64.ActiveCfg = Release|Any CPU
		{AF9BE9D7-9F3F-4F1D-9C30-0A70BB2AD4AF}.Release|x64.Build.0 = Release|Any CPU
		{AF9BE9D7-9F3F-4F1D-9C30-0A70BB2AD4AF}.Release|x86.ActiveCfg = Release|Any CPU
		{AF9BE9D7-9F3F-4F1D-9C30-0A70BB2AD4AF}.Release|x86.Build.0 = Release|Any CPU
	EndGlobalSection
	GlobalSection(SolutionProperties) = preSolution
		HideSolutionNode = FALSE
	EndGlobalSection
	GlobalSection(NestedProjects) = preSolution
		{D3DA2D40-5750-476A-10A5-A4E22F367535} = {9D213082-539B-46E3-B6C0-6E3D8D8010A4}
		{80BA9F6B-A852-8AA4-4B32-41C5E6C3CDAC} = {9D213082-539B-46E3-B6C0-6E3D8D8010A4}
		{AF9BE9D7-9F3F-4F1D-9C30-0A70BB2AD4AF} = {9D213082-539B-46E3-B6C0-6E3D8D8010A4}
	EndGlobalSection
	GlobalSection(ExtensibilityGlobals) = postSolution
		SolutionGuid = {F044E889-F3A5-48A9-8E00-D4168C343C19}
	EndGlobalSection
EndGlobal
