
Microsoft Visual Studio Solution File, Format Version 12.00
# Visual Studio Version 17
VisualStudioVersion = 17.11.35327.3
MinimumVisualStudioVersion = 10.0.40219.1
Project("{FAE04EC0-301F-11D3-BF4B-00C04F79EFBC}") = "LCSC.Core", "LCSC.Common\LCSC.Core.csproj", "{6B45CC90-AB85-494A-93B8-5FD575B63A19}"
EndProject
Project("{FAE04EC0-301F-11D3-BF4B-00C04F79EFBC}") = "LCSC.Http", "LCSC.Http\LCSC.Http.csproj", "{F3F92CEC-2A84-4FBE-BBA2-CBC5F1BE0F34}"
EndProject
Project("{FAE04EC0-301F-11D3-BF4B-00C04F79EFBC}") = "LCSC.Models", "LCSC.Models\LCSC.Models.csproj", "{A1E9FCFD-7470-49E2-8AF0-1FD10E68E5CF}"
EndProject
Project("{FAE04EC0-301F-11D3-BF4B-00C04F79EFBC}") = "LCSC.Discord", "LCSC.Bot\LCSC.Discord.csproj", "{18043CD1-E28C-4FFE-998D-8B08F7542521}"
EndProject
Project("{FAE04EC0-301F-11D3-BF4B-00C04F79EFBC}") = "LCSC.App", "LCSC.App\LCSC.App.csproj", "{8210A1B9-6962-49C9-AAFC-27FF1DF96375}"
EndProject
Project("{2150E333-8FDC-42A3-9474-1A3956D46DE8}") = "Solution items", "Solution items", "{32E88307-DB63-4E64-80E1-0C018D5938F2}"
	ProjectSection(SolutionItems) = preProject
		.github\workflows\BuildAndStoreDeploy.yml = .github\workflows\BuildAndStoreDeploy.yml
	EndProjectSection
EndProject
Project("{2150E333-8FDC-42A3-9474-1A3956D46DE8}") = "LCTWorks", "LCTWorks", "{02EA681E-C7D8-13C7-8484-4AC65E1B71E8}"
EndProject
Project("{FAE04EC0-301F-11D3-BF4B-00C04F79EFBC}") = "LCTWorks.Common", "LCTWorks.Common\LCTWorks.Common\LCTWorks.Common.csproj", "{526973DA-B373-F141-DA30-33BA93C1C528}"
EndProject
Project("{FAE04EC0-301F-11D3-BF4B-00C04F79EFBC}") = "LCTWorks.Common.Services", "LCTWorks.Common\LCTWorks.Common.Services\LCTWorks.Common.Services.csproj", "{9C502E73-6E35-91D2-0F14-2000C9462161}"
EndProject
Project("{FAE04EC0-301F-11D3-BF4B-00C04F79EFBC}") = "LCTWorks.Common.WinUI", "LCTWorks.Common\LCTWorks.Common.WinUI\LCTWorks.Common.WinUI.csproj", "{79602EC1-E980-7011-9775-723C2641EB11}"
EndProject
Global
	GlobalSection(SolutionConfigurationPlatforms) = preSolution
		Debug|Any CPU = Debug|Any CPU
		Debug|ARM64 = Debug|ARM64
		Debug|x64 = Debug|x64
		Debug|x86 = Debug|x86
		Release|Any CPU = Release|Any CPU
		Release|ARM64 = Release|ARM64
		Release|x64 = Release|x64
		Release|x86 = Release|x86
	EndGlobalSection
	GlobalSection(ProjectConfigurationPlatforms) = postSolution
		{6B45CC90-AB85-494A-93B8-5FD575B63A19}.Debug|Any CPU.ActiveCfg = Debug|Any CPU
		{6B45CC90-AB85-494A-93B8-5FD575B63A19}.Debug|Any CPU.Build.0 = Debug|Any CPU
		{6B45CC90-AB85-494A-93B8-5FD575B63A19}.Debug|ARM64.ActiveCfg = Debug|Any CPU
		{6B45CC90-AB85-494A-93B8-5FD575B63A19}.Debug|ARM64.Build.0 = Debug|Any CPU
		{6B45CC90-AB85-494A-93B8-5FD575B63A19}.Debug|x64.ActiveCfg = Debug|Any CPU
		{6B45CC90-AB85-494A-93B8-5FD575B63A19}.Debug|x64.Build.0 = Debug|Any CPU
		{6B45CC90-AB85-494A-93B8-5FD575B63A19}.Debug|x86.ActiveCfg = Debug|Any CPU
		{6B45CC90-AB85-494A-93B8-5FD575B63A19}.Debug|x86.Build.0 = Debug|Any CPU
		{6B45CC90-AB85-494A-93B8-5FD575B63A19}.Release|Any CPU.ActiveCfg = Release|Any CPU
		{6B45CC90-AB85-494A-93B8-5FD575B63A19}.Release|Any CPU.Build.0 = Release|Any CPU
		{6B45CC90-AB85-494A-93B8-5FD575B63A19}.Release|ARM64.ActiveCfg = Release|Any CPU
		{6B45CC90-AB85-494A-93B8-5FD575B63A19}.Release|ARM64.Build.0 = Release|Any CPU
		{6B45CC90-AB85-494A-93B8-5FD575B63A19}.Release|x64.ActiveCfg = Release|Any CPU
		{6B45CC90-AB85-494A-93B8-5FD575B63A19}.Release|x64.Build.0 = Release|Any CPU
		{6B45CC90-AB85-494A-93B8-5FD575B63A19}.Release|x86.ActiveCfg = Release|Any CPU
		{6B45CC90-AB85-494A-93B8-5FD575B63A19}.Release|x86.Build.0 = Release|Any CPU
		{F3F92CEC-2A84-4FBE-BBA2-CBC5F1BE0F34}.Debug|Any CPU.ActiveCfg = Debug|Any CPU
		{F3F92CEC-2A84-4FBE-BBA2-CBC5F1BE0F34}.Debug|Any CPU.Build.0 = Debug|Any CPU
		{F3F92CEC-2A84-4FBE-BBA2-CBC5F1BE0F34}.Debug|ARM64.ActiveCfg = Debug|Any CPU
		{F3F92CEC-2A84-4FBE-BBA2-CBC5F1BE0F34}.Debug|ARM64.Build.0 = Debug|Any CPU
		{F3F92CEC-2A84-4FBE-BBA2-CBC5F1BE0F34}.Debug|x64.ActiveCfg = Debug|Any CPU
		{F3F92CEC-2A84-4FBE-BBA2-CBC5F1BE0F34}.Debug|x64.Build.0 = Debug|Any CPU
		{F3F92CEC-2A84-4FBE-BBA2-CBC5F1BE0F34}.Debug|x86.ActiveCfg = Debug|Any CPU
		{F3F92CEC-2A84-4FBE-BBA2-CBC5F1BE0F34}.Debug|x86.Build.0 = Debug|Any CPU
		{F3F92CEC-2A84-4FBE-BBA2-CBC5F1BE0F34}.Release|Any CPU.ActiveCfg = Release|Any CPU
		{F3F92CEC-2A84-4FBE-BBA2-CBC5F1BE0F34}.Release|Any CPU.Build.0 = Release|Any CPU
		{F3F92CEC-2A84-4FBE-BBA2-CBC5F1BE0F34}.Release|ARM64.ActiveCfg = Release|Any CPU
		{F3F92CEC-2A84-4FBE-BBA2-CBC5F1BE0F34}.Release|ARM64.Build.0 = Release|Any CPU
		{F3F92CEC-2A84-4FBE-BBA2-CBC5F1BE0F34}.Release|x64.ActiveCfg = Release|Any CPU
		{F3F92CEC-2A84-4FBE-BBA2-CBC5F1BE0F34}.Release|x64.Build.0 = Release|Any CPU
		{F3F92CEC-2A84-4FBE-BBA2-CBC5F1BE0F34}.Release|x86.ActiveCfg = Release|Any CPU
		{F3F92CEC-2A84-4FBE-BBA2-CBC5F1BE0F34}.Release|x86.Build.0 = Release|Any CPU
		{A1E9FCFD-7470-49E2-8AF0-1FD10E68E5CF}.Debug|Any CPU.ActiveCfg = Debug|Any CPU
		{A1E9FCFD-7470-49E2-8AF0-1FD10E68E5CF}.Debug|Any CPU.Build.0 = Debug|Any CPU
		{A1E9FCFD-7470-49E2-8AF0-1FD10E68E5CF}.Debug|ARM64.ActiveCfg = Debug|Any CPU
		{A1E9FCFD-7470-49E2-8AF0-1FD10E68E5CF}.Debug|ARM64.Build.0 = Debug|Any CPU
		{A1E9FCFD-7470-49E2-8AF0-1FD10E68E5CF}.Debug|x64.ActiveCfg = Debug|Any CPU
		{A1E9FCFD-7470-49E2-8AF0-1FD10E68E5CF}.Debug|x64.Build.0 = Debug|Any CPU
		{A1E9FCFD-7470-49E2-8AF0-1FD10E68E5CF}.Debug|x86.ActiveCfg = Debug|Any CPU
		{A1E9FCFD-7470-49E2-8AF0-1FD10E68E5CF}.Debug|x86.Build.0 = Debug|Any CPU
		{A1E9FCFD-7470-49E2-8AF0-1FD10E68E5CF}.Release|Any CPU.ActiveCfg = Release|Any CPU
		{A1E9FCFD-7470-49E2-8AF0-1FD10E68E5CF}.Release|Any CPU.Build.0 = Release|Any CPU
		{A1E9FCFD-7470-49E2-8AF0-1FD10E68E5CF}.Release|ARM64.ActiveCfg = Release|Any CPU
		{A1E9FCFD-7470-49E2-8AF0-1FD10E68E5CF}.Release|ARM64.Build.0 = Release|Any CPU
		{A1E9FCFD-7470-49E2-8AF0-1FD10E68E5CF}.Release|x64.ActiveCfg = Release|Any CPU
		{A1E9FCFD-7470-49E2-8AF0-1FD10E68E5CF}.Release|x64.Build.0 = Release|Any CPU
		{A1E9FCFD-7470-49E2-8AF0-1FD10E68E5CF}.Release|x86.ActiveCfg = Release|Any CPU
		{A1E9FCFD-7470-49E2-8AF0-1FD10E68E5CF}.Release|x86.Build.0 = Release|Any CPU
		{18043CD1-E28C-4FFE-998D-8B08F7542521}.Debug|Any CPU.ActiveCfg = Debug|Any CPU
		{18043CD1-E28C-4FFE-998D-8B08F7542521}.Debug|Any CPU.Build.0 = Debug|Any CPU
		{18043CD1-E28C-4FFE-998D-8B08F7542521}.Debug|ARM64.ActiveCfg = Debug|Any CPU
		{18043CD1-E28C-4FFE-998D-8B08F7542521}.Debug|ARM64.Build.0 = Debug|Any CPU
		{18043CD1-E28C-4FFE-998D-8B08F7542521}.Debug|x64.ActiveCfg = Debug|Any CPU
		{18043CD1-E28C-4FFE-998D-8B08F7542521}.Debug|x64.Build.0 = Debug|Any CPU
		{18043CD1-E28C-4FFE-998D-8B08F7542521}.Debug|x86.ActiveCfg = Debug|Any CPU
		{18043CD1-E28C-4FFE-998D-8B08F7542521}.Debug|x86.Build.0 = Debug|Any CPU
		{18043CD1-E28C-4FFE-998D-8B08F7542521}.Release|Any CPU.ActiveCfg = Release|Any CPU
		{18043CD1-E28C-4FFE-998D-8B08F7542521}.Release|Any CPU.Build.0 = Release|Any CPU
		{18043CD1-E28C-4FFE-998D-8B08F7542521}.Release|ARM64.ActiveCfg = Release|Any CPU
		{18043CD1-E28C-4FFE-998D-8B08F7542521}.Release|ARM64.Build.0 = Release|Any CPU
		{18043CD1-E28C-4FFE-998D-8B08F7542521}.Release|x64.ActiveCfg = Release|Any CPU
		{18043CD1-E28C-4FFE-998D-8B08F7542521}.Release|x64.Build.0 = Release|Any CPU
		{18043CD1-E28C-4FFE-998D-8B08F7542521}.Release|x86.ActiveCfg = Release|Any CPU
		{18043CD1-E28C-4FFE-998D-8B08F7542521}.Release|x86.Build.0 = Release|Any CPU
		{8210A1B9-6962-49C9-AAFC-27FF1DF96375}.Debug|Any CPU.ActiveCfg = Debug|x64
		{8210A1B9-6962-49C9-AAFC-27FF1DF96375}.Debug|Any CPU.Build.0 = Debug|x64
		{8210A1B9-6962-49C9-AAFC-27FF1DF96375}.Debug|Any CPU.Deploy.0 = Debug|x64
		{8210A1B9-6962-49C9-AAFC-27FF1DF96375}.Debug|ARM64.ActiveCfg = Debug|ARM64
		{8210A1B9-6962-49C9-AAFC-27FF1DF96375}.Debug|ARM64.Build.0 = Debug|ARM64
		{8210A1B9-6962-49C9-AAFC-27FF1DF96375}.Debug|ARM64.Deploy.0 = Debug|ARM64
		{8210A1B9-6962-49C9-AAFC-27FF1DF96375}.Debug|x64.ActiveCfg = Debug|x64
		{8210A1B9-6962-49C9-AAFC-27FF1DF96375}.Debug|x64.Build.0 = Debug|x64
		{8210A1B9-6962-49C9-AAFC-27FF1DF96375}.Debug|x64.Deploy.0 = Debug|x64
		{8210A1B9-6962-49C9-AAFC-27FF1DF96375}.Debug|x86.ActiveCfg = Debug|x86
		{8210A1B9-6962-49C9-AAFC-27FF1DF96375}.Debug|x86.Build.0 = Debug|x86
		{8210A1B9-6962-49C9-AAFC-27FF1DF96375}.Debug|x86.Deploy.0 = Debug|x86
		{8210A1B9-6962-49C9-AAFC-27FF1DF96375}.Release|Any CPU.ActiveCfg = Release|x64
		{8210A1B9-6962-49C9-AAFC-27FF1DF96375}.Release|Any CPU.Build.0 = Release|x64
		{8210A1B9-6962-49C9-AAFC-27FF1DF96375}.Release|Any CPU.Deploy.0 = Release|x64
		{8210A1B9-6962-49C9-AAFC-27FF1DF96375}.Release|ARM64.ActiveCfg = Release|ARM64
		{8210A1B9-6962-49C9-AAFC-27FF1DF96375}.Release|ARM64.Build.0 = Release|ARM64
		{8210A1B9-6962-49C9-AAFC-27FF1DF96375}.Release|ARM64.Deploy.0 = Release|ARM64
		{8210A1B9-6962-49C9-AAFC-27FF1DF96375}.Release|x64.ActiveCfg = Release|x64
		{8210A1B9-6962-49C9-AAFC-27FF1DF96375}.Release|x64.Build.0 = Release|x64
		{8210A1B9-6962-49C9-AAFC-27FF1DF96375}.Release|x64.Deploy.0 = Release|x64
		{8210A1B9-6962-49C9-AAFC-27FF1DF96375}.Release|x86.ActiveCfg = Release|x86
		{8210A1B9-6962-49C9-AAFC-27FF1DF96375}.Release|x86.Build.0 = Release|x86
		{8210A1B9-6962-49C9-AAFC-27FF1DF96375}.Release|x86.Deploy.0 = Release|x86
		{526973DA-B373-F141-DA30-33BA93C1C528}.Debug|Any CPU.ActiveCfg = Debug|Any CPU
		{526973DA-B373-F141-DA30-33BA93C1C528}.Debug|Any CPU.Build.0 = Debug|Any CPU
		{526973DA-B373-F141-DA30-33BA93C1C528}.Debug|ARM64.ActiveCfg = Debug|Any CPU
		{526973DA-B373-F141-DA30-33BA93C1C528}.Debug|ARM64.Build.0 = Debug|Any CPU
		{526973DA-B373-F141-DA30-33BA93C1C528}.Debug|x64.ActiveCfg = Debug|Any CPU
		{526973DA-B373-F141-DA30-33BA93C1C528}.Debug|x64.Build.0 = Debug|Any CPU
		{526973DA-B373-F141-DA30-33BA93C1C528}.Debug|x86.ActiveCfg = Debug|Any CPU
		{526973DA-B373-F141-DA30-33BA93C1C528}.Debug|x86.Build.0 = Debug|Any CPU
		{526973DA-B373-F141-DA30-33BA93C1C528}.Release|Any CPU.ActiveCfg = Release|Any CPU
		{526973DA-B373-F141-DA30-33BA93C1C528}.Release|Any CPU.Build.0 = Release|Any CPU
		{526973DA-B373-F141-DA30-33BA93C1C528}.Release|ARM64.ActiveCfg = Release|Any CPU
		{526973DA-B373-F141-DA30-33BA93C1C528}.Release|ARM64.Build.0 = Release|Any CPU
		{526973DA-B373-F141-DA30-33BA93C1C528}.Release|x64.ActiveCfg = Release|Any CPU
		{526973DA-B373-F141-DA30-33BA93C1C528}.Release|x64.Build.0 = Release|Any CPU
		{526973DA-B373-F141-DA30-33BA93C1C528}.Release|x86.ActiveCfg = Release|Any CPU
		{526973DA-B373-F141-DA30-33BA93C1C528}.Release|x86.Build.0 = Release|Any CPU
		{9C502E73-6E35-91D2-0F14-2000C9462161}.Debug|Any CPU.ActiveCfg = Debug|Any CPU
		{9C502E73-6E35-91D2-0F14-2000C9462161}.Debug|Any CPU.Build.0 = Debug|Any CPU
		{9C502E73-6E35-91D2-0F14-2000C9462161}.Debug|ARM64.ActiveCfg = Debug|Any CPU
		{9C502E73-6E35-91D2-0F14-2000C9462161}.Debug|ARM64.Build.0 = Debug|Any CPU
		{9C502E73-6E35-91D2-0F14-2000C9462161}.Debug|x64.ActiveCfg = Debug|Any CPU
		{9C502E73-6E35-91D2-0F14-2000C9462161}.Debug|x64.Build.0 = Debug|Any CPU
		{9C502E73-6E35-91D2-0F14-2000C9462161}.Debug|x86.ActiveCfg = Debug|Any CPU
		{9C502E73-6E35-91D2-0F14-2000C9462161}.Debug|x86.Build.0 = Debug|Any CPU
		{9C502E73-6E35-91D2-0F14-2000C9462161}.Release|Any CPU.ActiveCfg = Release|Any CPU
		{9C502E73-6E35-91D2-0F14-2000C9462161}.Release|Any CPU.Build.0 = Release|Any CPU
		{9C502E73-6E35-91D2-0F14-2000C9462161}.Release|ARM64.ActiveCfg = Release|Any CPU
		{9C502E73-6E35-91D2-0F14-2000C9462161}.Release|ARM64.Build.0 = Release|Any CPU
		{9C502E73-6E35-91D2-0F14-2000C9462161}.Release|x64.ActiveCfg = Release|Any CPU
		{9C502E73-6E35-91D2-0F14-2000C9462161}.Release|x64.Build.0 = Release|Any CPU
		{9C502E73-6E35-91D2-0F14-2000C9462161}.Release|x86.ActiveCfg = Release|Any CPU
		{9C502E73-6E35-91D2-0F14-2000C9462161}.Release|x86.Build.0 = Release|Any CPU
		{79602EC1-E980-7011-9775-723C2641EB11}.Debug|Any CPU.ActiveCfg = Debug|Any CPU
		{79602EC1-E980-7011-9775-723C2641EB11}.Debug|Any CPU.Build.0 = Debug|Any CPU
		{79602EC1-E980-7011-9775-723C2641EB11}.Debug|ARM64.ActiveCfg = Debug|Any CPU
		{79602EC1-E980-7011-9775-723C2641EB11}.Debug|ARM64.Build.0 = Debug|Any CPU
		{79602EC1-E980-7011-9775-723C2641EB11}.Debug|x64.ActiveCfg = Debug|Any CPU
		{79602EC1-E980-7011-9775-723C2641EB11}.Debug|x64.Build.0 = Debug|Any CPU
		{79602EC1-E980-7011-9775-723C2641EB11}.Debug|x86.ActiveCfg = Debug|Any CPU
		{79602EC1-E980-7011-9775-723C2641EB11}.Debug|x86.Build.0 = Debug|Any CPU
		{79602EC1-E980-7011-9775-723C2641EB11}.Release|Any CPU.ActiveCfg = Release|Any CPU
		{79602EC1-E980-7011-9775-723C2641EB11}.Release|Any CPU.Build.0 = Release|Any CPU
		{79602EC1-E980-7011-9775-723C2641EB11}.Release|ARM64.ActiveCfg = Release|Any CPU
		{79602EC1-E980-7011-9775-723C2641EB11}.Release|ARM64.Build.0 = Release|Any CPU
		{79602EC1-E980-7011-9775-723C2641EB11}.Release|x64.ActiveCfg = Release|Any CPU
		{79602EC1-E980-7011-9775-723C2641EB11}.Release|x64.Build.0 = Release|Any CPU
		{79602EC1-E980-7011-9775-723C2641EB11}.Release|x86.ActiveCfg = Release|Any CPU
		{79602EC1-E980-7011-9775-723C2641EB11}.Release|x86.Build.0 = Release|Any CPU
	EndGlobalSection
	GlobalSection(SolutionProperties) = preSolution
		HideSolutionNode = FALSE
	EndGlobalSection
	GlobalSection(NestedProjects) = preSolution
		{526973DA-B373-F141-DA30-33BA93C1C528} = {02EA681E-C7D8-13C7-8484-4AC65E1B71E8}
		{9C502E73-6E35-91D2-0F14-2000C9462161} = {02EA681E-C7D8-13C7-8484-4AC65E1B71E8}
		{79602EC1-E980-7011-9775-723C2641EB11} = {02EA681E-C7D8-13C7-8484-4AC65E1B71E8}
	EndGlobalSection
	GlobalSection(ExtensibilityGlobals) = postSolution
		SolutionGuid = {F044E889-F3A5-48A9-8E00-D4168C343C19}
	EndGlobalSection
EndGlobal
