
Microsoft Visual Studio Solution File, Format Version 12.00
# Visual Studio Version 17
VisualStudioVersion = 17.11.35327.3
MinimumVisualStudioVersion = 10.0.40219.1
Project("{FAE04EC0-301F-11D3-BF4B-00C04F79EFBC}") = "LCSC.App", "Jicoteo.App\LCSC.App.csproj", "{05748B72-91D6-4873-8DF6-B4D6B7144301}"
EndProject
Project("{FAE04EC0-301F-11D3-BF4B-00C04F79EFBC}") = "LCSC.Data", "Jicoteo.Data\LCSC.Data.csproj", "{11E42C68-3474-4E1F-B0CF-4ED1EDB50F2A}"
EndProject
Project("{FAE04EC0-301F-11D3-BF4B-00C04F79EFBC}") = "LSCC.Http", "Jicoteo.Http\LSCC.Http.csproj", "{F50C59FC-B278-442C-97FB-61498CBDC350}"
EndProject
Global
	GlobalSection(SolutionConfigurationPlatforms) = preSolution
		Debug|Any CPU = Debug|Any CPU
		Debug|ARM64 = Debug|ARM64
		Debug|x64 = Debug|x64
		Debug|x86 = Debug|x86
		Release|Any CPU = Release|Any CPU
		Release|ARM64 = Release|ARM64
		Release|x64 = Release|x64
		Release|x86 = Release|x86
	EndGlobalSection
	GlobalSection(ProjectConfigurationPlatforms) = postSolution
		{05748B72-91D6-4873-8DF6-B4D6B7144301}.Debug|Any CPU.ActiveCfg = Debug|x64
		{05748B72-91D6-4873-8DF6-B4D6B7144301}.Debug|Any CPU.Build.0 = Debug|x64
		{05748B72-91D6-4873-8DF6-B4D6B7144301}.Debug|Any CPU.Deploy.0 = Debug|x64
		{05748B72-91D6-4873-8DF6-B4D6B7144301}.Debug|ARM64.ActiveCfg = Debug|ARM64
		{05748B72-91D6-4873-8DF6-B4D6B7144301}.Debug|ARM64.Build.0 = Debug|ARM64
		{05748B72-91D6-4873-8DF6-B4D6B7144301}.Debug|ARM64.Deploy.0 = Debug|ARM64
		{05748B72-91D6-4873-8DF6-B4D6B7144301}.Debug|x64.ActiveCfg = Debug|x64
		{05748B72-91D6-4873-8DF6-B4D6B7144301}.Debug|x64.Build.0 = Debug|x64
		{05748B72-91D6-4873-8DF6-B4D6B7144301}.Debug|x64.Deploy.0 = Debug|x64
		{05748B72-91D6-4873-8DF6-B4D6B7144301}.Debug|x86.ActiveCfg = Debug|x86
		{05748B72-91D6-4873-8DF6-B4D6B7144301}.Debug|x86.Build.0 = Debug|x86
		{05748B72-91D6-4873-8DF6-B4D6B7144301}.Debug|x86.Deploy.0 = Debug|x86
		{05748B72-91D6-4873-8DF6-B4D6B7144301}.Release|Any CPU.ActiveCfg = Release|x64
		{05748B72-91D6-4873-8DF6-B4D6B7144301}.Release|Any CPU.Build.0 = Release|x64
		{05748B72-91D6-4873-8DF6-B4D6B7144301}.Release|Any CPU.Deploy.0 = Release|x64
		{05748B72-91D6-4873-8DF6-B4D6B7144301}.Release|ARM64.ActiveCfg = Release|ARM64
		{05748B72-91D6-4873-8DF6-B4D6B7144301}.Release|ARM64.Build.0 = Release|ARM64
		{05748B72-91D6-4873-8DF6-B4D6B7144301}.Release|ARM64.Deploy.0 = Release|ARM64
		{05748B72-91D6-4873-8DF6-B4D6B7144301}.Release|x64.ActiveCfg = Release|x64
		{05748B72-91D6-4873-8DF6-B4D6B7144301}.Release|x64.Build.0 = Release|x64
		{05748B72-91D6-4873-8DF6-B4D6B7144301}.Release|x64.Deploy.0 = Release|x64
		{05748B72-91D6-4873-8DF6-B4D6B7144301}.Release|x86.ActiveCfg = Release|x86
		{05748B72-91D6-4873-8DF6-B4D6B7144301}.Release|x86.Build.0 = Release|x86
		{05748B72-91D6-4873-8DF6-B4D6B7144301}.Release|x86.Deploy.0 = Release|x86
		{11E42C68-3474-4E1F-B0CF-4ED1EDB50F2A}.Debug|Any CPU.ActiveCfg = Debug|Any CPU
		{11E42C68-3474-4E1F-B0CF-4ED1EDB50F2A}.Debug|Any CPU.Build.0 = Debug|Any CPU
		{11E42C68-3474-4E1F-B0CF-4ED1EDB50F2A}.Debug|ARM64.ActiveCfg = Debug|Any CPU
		{11E42C68-3474-4E1F-B0CF-4ED1EDB50F2A}.Debug|ARM64.Build.0 = Debug|Any CPU
		{11E42C68-3474-4E1F-B0CF-4ED1EDB50F2A}.Debug|x64.ActiveCfg = Debug|Any CPU
		{11E42C68-3474-4E1F-B0CF-4ED1EDB50F2A}.Debug|x64.Build.0 = Debug|Any CPU
		{11E42C68-3474-4E1F-B0CF-4ED1EDB50F2A}.Debug|x86.ActiveCfg = Debug|Any CPU
		{11E42C68-3474-4E1F-B0CF-4ED1EDB50F2A}.Debug|x86.Build.0 = Debug|Any CPU
		{11E42C68-3474-4E1F-B0CF-4ED1EDB50F2A}.Release|Any CPU.ActiveCfg = Release|Any CPU
		{11E42C68-3474-4E1F-B0CF-4ED1EDB50F2A}.Release|Any CPU.Build.0 = Release|Any CPU
		{11E42C68-3474-4E1F-B0CF-4ED1EDB50F2A}.Release|ARM64.ActiveCfg = Release|Any CPU
		{11E42C68-3474-4E1F-B0CF-4ED1EDB50F2A}.Release|ARM64.Build.0 = Release|Any CPU
		{11E42C68-3474-4E1F-B0CF-4ED1EDB50F2A}.Release|x64.ActiveCfg = Release|Any CPU
		{11E42C68-3474-4E1F-B0CF-4ED1EDB50F2A}.Release|x64.Build.0 = Release|Any CPU
		{11E42C68-3474-4E1F-B0CF-4ED1EDB50F2A}.Release|x86.ActiveCfg = Release|Any CPU
		{11E42C68-3474-4E1F-B0CF-4ED1EDB50F2A}.Release|x86.Build.0 = Release|Any CPU
		{F50C59FC-B278-442C-97FB-61498CBDC350}.Debug|Any CPU.ActiveCfg = Debug|Any CPU
		{F50C59FC-B278-442C-97FB-61498CBDC350}.Debug|Any CPU.Build.0 = Debug|Any CPU
		{F50C59FC-B278-442C-97FB-61498CBDC350}.Debug|ARM64.ActiveCfg = Debug|Any CPU
		{F50C59FC-B278-442C-97FB-61498CBDC350}.Debug|ARM64.Build.0 = Debug|Any CPU
		{F50C59FC-B278-442C-97FB-61498CBDC350}.Debug|x64.ActiveCfg = Debug|Any CPU
		{F50C59FC-B278-442C-97FB-61498CBDC350}.Debug|x64.Build.0 = Debug|Any CPU
		{F50C59FC-B278-442C-97FB-61498CBDC350}.Debug|x86.ActiveCfg = Debug|Any CPU
		{F50C59FC-B278-442C-97FB-61498CBDC350}.Debug|x86.Build.0 = Debug|Any CPU
		{F50C59FC-B278-442C-97FB-61498CBDC350}.Release|Any CPU.ActiveCfg = Release|Any CPU
		{F50C59FC-B278-442C-97FB-61498CBDC350}.Release|Any CPU.Build.0 = Release|Any CPU
		{F50C59FC-B278-442C-97FB-61498CBDC350}.Release|ARM64.ActiveCfg = Release|Any CPU
		{F50C59FC-B278-442C-97FB-61498CBDC350}.Release|ARM64.Build.0 = Release|Any CPU
		{F50C59FC-B278-442C-97FB-61498CBDC350}.Release|x64.ActiveCfg = Release|Any CPU
		{F50C59FC-B278-442C-97FB-61498CBDC350}.Release|x64.Build.0 = Release|Any CPU
		{F50C59FC-B278-442C-97FB-61498CBDC350}.Release|x86.ActiveCfg = Release|Any CPU
		{F50C59FC-B278-442C-97FB-61498CBDC350}.Release|x86.Build.0 = Release|Any CPU
	EndGlobalSection
	GlobalSection(SolutionProperties) = preSolution
		HideSolutionNode = FALSE
	EndGlobalSection
	GlobalSection(ExtensibilityGlobals) = postSolution
		SolutionGuid = {F044E889-F3A5-48A9-8E00-D4168C343C19}
	EndGlobalSection
EndGlobal
